// !$*UTF8*$!
{
	archiveVersion = 1;
	classes = {
	};
	objectVersion = 56;
	objects = {

/* Begin PBXBuildFile section */
		0EEFED470277364491A57147 /* Pods_TextFieldsTests.framework in Frameworks */ = {isa = PBXBuildFile; fileRef = 211F7DC289B90F8A0D810FD1 /* Pods_TextFieldsTests.framework */; };
		138B27172A410CEB00BD3EEA /* Rubik-Medium.ttf in Resources */ = {isa = PBXBuildFile; fileRef = 138B27142A410CEB00BD3EEA /* Rubik-Medium.ttf */; };
		138B27182A410CEB00BD3EEA /* Rubik-Regular.ttf in Resources */ = {isa = PBXBuildFile; fileRef = 138B27152A410CEB00BD3EEA /* Rubik-Regular.ttf */; };
		138B27192A410CEB00BD3EEA /* Rubik-Bold.ttf in Resources */ = {isa = PBXBuildFile; fileRef = 138B27162A410CEB00BD3EEA /* Rubik-Bold.ttf */; };
		138B271C2A410DF900BD3EEA /* UIFont+CustomFonts.swift in Sources */ = {isa = PBXBuildFile; fileRef = 138B271B2A410DF900BD3EEA /* UIFont+CustomFonts.swift */; };
		138B271F2A410FCC00BD3EEA /* Constants.swift in Sources */ = {isa = PBXBuildFile; fileRef = 138B271E2A410FCC00BD3EEA /* Constants.swift */; };
		13BFF0122A48F4FD00037487 /* PasswordValidator.swift in Sources */ = {isa = PBXBuildFile; fileRef = 13BFF0112A48F4FD00037487 /* PasswordValidator.swift */; };
		13F2E8DF2A41030D008F9345 /* AppDelegate.swift in Sources */ = {isa = PBXBuildFile; fileRef = 13F2E8DE2A41030D008F9345 /* AppDelegate.swift */; };
		13F2E8E12A41030D008F9345 /* SceneDelegate.swift in Sources */ = {isa = PBXBuildFile; fileRef = 13F2E8E02A41030D008F9345 /* SceneDelegate.swift */; };
		13F2E8E92A41030D008F9345 /* TextFields.xcdatamodeld in Sources */ = {isa = PBXBuildFile; fileRef = 13F2E8E72A41030D008F9345 /* TextFields.xcdatamodeld */; };
		13F2E8EB2A41030E008F9345 /* Assets.xcassets in Resources */ = {isa = PBXBuildFile; fileRef = 13F2E8EA2A41030E008F9345 /* Assets.xcassets */; };
		13F2E8EE2A41030E008F9345 /* LaunchScreen.storyboard in Resources */ = {isa = PBXBuildFile; fileRef = 13F2E8EC2A41030E008F9345 /* LaunchScreen.storyboard */; };
		13F2E8F92A41030E008F9345 /* TextFieldsTests.swift in Sources */ = {isa = PBXBuildFile; fileRef = 13F2E8F82A41030E008F9345 /* TextFieldsTests.swift */; };
		13F2E9032A41030E008F9345 /* TextFieldsUITests.swift in Sources */ = {isa = PBXBuildFile; fileRef = 13F2E9022A41030E008F9345 /* TextFieldsUITests.swift */; };
		13F2E9052A41030E008F9345 /* TextFieldsUITestsLaunchTests.swift in Sources */ = {isa = PBXBuildFile; fileRef = 13F2E9042A41030E008F9345 /* TextFieldsUITestsLaunchTests.swift */; };
		13F2E9152A410428008F9345 /* MainController.swift in Sources */ = {isa = PBXBuildFile; fileRef = 13F2E9142A410428008F9345 /* MainController.swift */; };
		695496D0522B48D771512FD6 /* Pods_TextFields.framework in Frameworks */ = {isa = PBXBuildFile; fileRef = 0F8474A6D32F27C32001588D /* Pods_TextFields.framework */; };
		ACA29294BB7E9FCF4714E5D9 /* Pods_TextFields_TextFieldsUITests.framework in Frameworks */ = {isa = PBXBuildFile; fileRef = C6B1FEE50E8E3D2C6704476B /* Pods_TextFields_TextFieldsUITests.framework */; };
/* End PBXBuildFile section */

/* Begin PBXContainerItemProxy section */
		13F2E8F52A41030E008F9345 /* PBXContainerItemProxy */ = {
			isa = PBXContainerItemProxy;
			containerPortal = 13F2E8D32A41030D008F9345 /* Project object */;
			proxyType = 1;
			remoteGlobalIDString = 13F2E8DA2A41030D008F9345;
			remoteInfo = TextFields;
		};
		13F2E8FF2A41030E008F9345 /* PBXContainerItemProxy */ = {
			isa = PBXContainerItemProxy;
			containerPortal = 13F2E8D32A41030D008F9345 /* Project object */;
			proxyType = 1;
			remoteGlobalIDString = 13F2E8DA2A41030D008F9345;
			remoteInfo = TextFields;
		};
/* End PBXContainerItemProxy section */

/* Begin PBXFileReference section */
		0F8474A6D32F27C32001588D /* Pods_TextFields.framework */ = {isa = PBXFileReference; explicitFileType = wrapper.framework; includeInIndex = 0; path = Pods_TextFields.framework; sourceTree = BUILT_PRODUCTS_DIR; };
		138B27142A410CEB00BD3EEA /* Rubik-Medium.ttf */ = {isa = PBXFileReference; lastKnownFileType = file; path = "Rubik-Medium.ttf"; sourceTree = "<group>"; };
		138B27152A410CEB00BD3EEA /* Rubik-Regular.ttf */ = {isa = PBXFileReference; lastKnownFileType = file; path = "Rubik-Regular.ttf"; sourceTree = "<group>"; };
		138B27162A410CEB00BD3EEA /* Rubik-Bold.ttf */ = {isa = PBXFileReference; lastKnownFileType = file; path = "Rubik-Bold.ttf"; sourceTree = "<group>"; };
		138B271B2A410DF900BD3EEA /* UIFont+CustomFonts.swift */ = {isa = PBXFileReference; lastKnownFileType = sourcecode.swift; path = "UIFont+CustomFonts.swift"; sourceTree = "<group>"; };
		138B271E2A410FCC00BD3EEA /* Constants.swift */ = {isa = PBXFileReference; lastKnownFileType = sourcecode.swift; path = Constants.swift; sourceTree = "<group>"; };
		13BFF0112A48F4FD00037487 /* PasswordValidator.swift */ = {isa = PBXFileReference; lastKnownFileType = sourcecode.swift; path = PasswordValidator.swift; sourceTree = "<group>"; };
		13F2E8DB2A41030D008F9345 /* TextFields.app */ = {isa = PBXFileReference; explicitFileType = wrapper.application; includeInIndex = 0; path = TextFields.app; sourceTree = BUILT_PRODUCTS_DIR; };
		13F2E8DE2A41030D008F9345 /* AppDelegate.swift */ = {isa = PBXFileReference; lastKnownFileType = sourcecode.swift; path = AppDelegate.swift; sourceTree = "<group>"; };
		13F2E8E02A41030D008F9345 /* SceneDelegate.swift */ = {isa = PBXFileReference; lastKnownFileType = sourcecode.swift; path = SceneDelegate.swift; sourceTree = "<group>"; };
		13F2E8E82A41030D008F9345 /* TextFields.xcdatamodel */ = {isa = PBXFileReference; lastKnownFileType = wrapper.xcdatamodel; path = TextFields.xcdatamodel; sourceTree = "<group>"; };
		13F2E8EA2A41030E008F9345 /* Assets.xcassets */ = {isa = PBXFileReference; lastKnownFileType = folder.assetcatalog; path = Assets.xcassets; sourceTree = "<group>"; };
		13F2E8ED2A41030E008F9345 /* Base */ = {isa = PBXFileReference; lastKnownFileType = file.storyboard; name = Base; path = Base.lproj/LaunchScreen.storyboard; sourceTree = "<group>"; };
		13F2E8EF2A41030E008F9345 /* Info.plist */ = {isa = PBXFileReference; lastKnownFileType = text.plist.xml; path = Info.plist; sourceTree = "<group>"; };
		13F2E8F42A41030E008F9345 /* TextFieldsTests.xctest */ = {isa = PBXFileReference; explicitFileType = wrapper.cfbundle; includeInIndex = 0; path = TextFieldsTests.xctest; sourceTree = BUILT_PRODUCTS_DIR; };
		13F2E8F82A41030E008F9345 /* TextFieldsTests.swift */ = {isa = PBXFileReference; lastKnownFileType = sourcecode.swift; path = TextFieldsTests.swift; sourceTree = "<group>"; };
		13F2E8FE2A41030E008F9345 /* TextFieldsUITests.xctest */ = {isa = PBXFileReference; explicitFileType = wrapper.cfbundle; includeInIndex = 0; path = TextFieldsUITests.xctest; sourceTree = BUILT_PRODUCTS_DIR; };
		13F2E9022A41030E008F9345 /* TextFieldsUITests.swift */ = {isa = PBXFileReference; lastKnownFileType = sourcecode.swift; path = TextFieldsUITests.swift; sourceTree = "<group>"; };
		13F2E9042A41030E008F9345 /* TextFieldsUITestsLaunchTests.swift */ = {isa = PBXFileReference; lastKnownFileType = sourcecode.swift; path = TextFieldsUITestsLaunchTests.swift; sourceTree = "<group>"; };
		13F2E9142A410428008F9345 /* MainController.swift */ = {isa = PBXFileReference; lastKnownFileType = sourcecode.swift; path = MainController.swift; sourceTree = "<group>"; };
		211F7DC289B90F8A0D810FD1 /* Pods_TextFieldsTests.framework */ = {isa = PBXFileReference; explicitFileType = wrapper.framework; includeInIndex = 0; path = Pods_TextFieldsTests.framework; sourceTree = BUILT_PRODUCTS_DIR; };
		4DC98DAC43DC3085A56608A2 /* Pods-TextFields.debug.xcconfig */ = {isa = PBXFileReference; includeInIndex = 1; lastKnownFileType = text.xcconfig; name = "Pods-TextFields.debug.xcconfig"; path = "Target Support Files/Pods-TextFields/Pods-TextFields.debug.xcconfig"; sourceTree = "<group>"; };
		5F089DC8E90B359257B36E92 /* Pods-TextFieldsTests.debug.xcconfig */ = {isa = PBXFileReference; includeInIndex = 1; lastKnownFileType = text.xcconfig; name = "Pods-TextFieldsTests.debug.xcconfig"; path = "Target Support Files/Pods-TextFieldsTests/Pods-TextFieldsTests.debug.xcconfig"; sourceTree = "<group>"; };
		790DAAF29E3B92C62618DAB9 /* Pods-TextFields.release.xcconfig */ = {isa = PBXFileReference; includeInIndex = 1; lastKnownFileType = text.xcconfig; name = "Pods-TextFields.release.xcconfig"; path = "Target Support Files/Pods-TextFields/Pods-TextFields.release.xcconfig"; sourceTree = "<group>"; };
		BBE6A11C16E5B8FAC3C038AD /* Pods-TextFieldsTests.release.xcconfig */ = {isa = PBXFileReference; includeInIndex = 1; lastKnownFileType = text.xcconfig; name = "Pods-TextFieldsTests.release.xcconfig"; path = "Target Support Files/Pods-TextFieldsTests/Pods-TextFieldsTests.release.xcconfig"; sourceTree = "<group>"; };
		C6B1FEE50E8E3D2C6704476B /* Pods_TextFields_TextFieldsUITests.framework */ = {isa = PBXFileReference; explicitFileType = wrapper.framework; includeInIndex = 0; path = Pods_TextFields_TextFieldsUITests.framework; sourceTree = BUILT_PRODUCTS_DIR; };
		CDD42BAFF5EEA59D0D0FD636 /* Pods-TextFields-TextFieldsUITests.debug.xcconfig */ = {isa = PBXFileReference; includeInIndex = 1; lastKnownFileType = text.xcconfig; name = "Pods-TextFields-TextFieldsUITests.debug.xcconfig"; path = "Target Support Files/Pods-TextFields-TextFieldsUITests/Pods-TextFields-TextFieldsUITests.debug.xcconfig"; sourceTree = "<group>"; };
		E78E18055A51199D6B523E74 /* Pods-TextFields-TextFieldsUITests.release.xcconfig */ = {isa = PBXFileReference; includeInIndex = 1; lastKnownFileType = text.xcconfig; name = "Pods-TextFields-TextFieldsUITests.release.xcconfig"; path = "Target Support Files/Pods-TextFields-TextFieldsUITests/Pods-TextFields-TextFieldsUITests.release.xcconfig"; sourceTree = "<group>"; };
/* End PBXFileReference section */

/* Begin PBXFrameworksBuildPhase section */
		13F2E8D82A41030D008F9345 /* Frameworks */ = {
			isa = PBXFrameworksBuildPhase;
			buildActionMask = 2147483647;
			files = (
				695496D0522B48D771512FD6 /* Pods_TextFields.framework in Frameworks */,
			);
			runOnlyForDeploymentPostprocessing = 0;
		};
		13F2E8F12A41030E008F9345 /* Frameworks */ = {
			isa = PBXFrameworksBuildPhase;
			buildActionMask = 2147483647;
			files = (
				0EEFED470277364491A57147 /* Pods_TextFieldsTests.framework in Frameworks */,
			);
			runOnlyForDeploymentPostprocessing = 0;
		};
		13F2E8FB2A41030E008F9345 /* Frameworks */ = {
			isa = PBXFrameworksBuildPhase;
			buildActionMask = 2147483647;
			files = (
				ACA29294BB7E9FCF4714E5D9 /* Pods_TextFields_TextFieldsUITests.framework in Frameworks */,
			);
			runOnlyForDeploymentPostprocessing = 0;
		};
/* End PBXFrameworksBuildPhase section */

/* Begin PBXGroup section */
		138B270D2A410CAC00BD3EEA /* Fonts */ = {
			isa = PBXGroup;
			children = (
				138B27162A410CEB00BD3EEA /* Rubik-Bold.ttf */,
				138B27142A410CEB00BD3EEA /* Rubik-Medium.ttf */,
				138B27152A410CEB00BD3EEA /* Rubik-Regular.ttf */,
			);
			path = Fonts;
			sourceTree = "<group>";
		};
		138B271A2A410DDD00BD3EEA /* Core */ = {
			isa = PBXGroup;
			children = (
				138B271D2A410FBB00BD3EEA /* Extension */,
			);
			path = Core;
			sourceTree = "<group>";
		};
		138B271D2A410FBB00BD3EEA /* Extension */ = {
			isa = PBXGroup;
			children = (
				138B271B2A410DF900BD3EEA /* UIFont+CustomFonts.swift */,
				138B271E2A410FCC00BD3EEA /* Constants.swift */,
				13BFF0112A48F4FD00037487 /* PasswordValidator.swift */,
			);
			path = Extension;
			sourceTree = "<group>";
		};
		13F2E8D22A41030D008F9345 = {
			isa = PBXGroup;
			children = (
				13F2E8DD2A41030D008F9345 /* TextFields */,
				13F2E8F72A41030E008F9345 /* TextFieldsTests */,
				13F2E9012A41030E008F9345 /* TextFieldsUITests */,
				13F2E8DC2A41030D008F9345 /* Products */,
				53A15E4F0174D0E287236CEE /* Pods */,
				8C8D491B32EE0F07A07E75A4 /* Frameworks */,
			);
			sourceTree = "<group>";
		};
		13F2E8DC2A41030D008F9345 /* Products */ = {
			isa = PBXGroup;
			children = (
				13F2E8DB2A41030D008F9345 /* TextFields.app */,
				13F2E8F42A41030E008F9345 /* TextFieldsTests.xctest */,
				13F2E8FE2A41030E008F9345 /* TextFieldsUITests.xctest */,
			);
			name = Products;
			sourceTree = "<group>";
		};
		13F2E8DD2A41030D008F9345 /* TextFields */ = {
			isa = PBXGroup;
			children = (
				138B271A2A410DDD00BD3EEA /* Core */,
				13F2E9132A410405008F9345 /* Main */,
				13F2E9112A410355008F9345 /* Application */,
				13F2E9122A410380008F9345 /* Resources */,
			);
			path = TextFields;
			sourceTree = "<group>";
		};
		13F2E8F72A41030E008F9345 /* TextFieldsTests */ = {
			isa = PBXGroup;
			children = (
				13F2E8F82A41030E008F9345 /* TextFieldsTests.swift */,
			);
			path = TextFieldsTests;
			sourceTree = "<group>";
		};
		13F2E9012A41030E008F9345 /* TextFieldsUITests */ = {
			isa = PBXGroup;
			children = (
				13F2E9022A41030E008F9345 /* TextFieldsUITests.swift */,
				13F2E9042A41030E008F9345 /* TextFieldsUITestsLaunchTests.swift */,
			);
			path = TextFieldsUITests;
			sourceTree = "<group>";
		};
		13F2E9112A410355008F9345 /* Application */ = {
			isa = PBXGroup;
			children = (
				13F2E8DE2A41030D008F9345 /* AppDelegate.swift */,
				13F2E8E02A41030D008F9345 /* SceneDelegate.swift */,
			);
			path = Application;
			sourceTree = "<group>";
		};
		13F2E9122A410380008F9345 /* Resources */ = {
			isa = PBXGroup;
			children = (
				138B270D2A410CAC00BD3EEA /* Fonts */,
				13F2E8EA2A41030E008F9345 /* Assets.xcassets */,
				13F2E8EC2A41030E008F9345 /* LaunchScreen.storyboard */,
				13F2E8EF2A41030E008F9345 /* Info.plist */,
				13F2E8E72A41030D008F9345 /* TextFields.xcdatamodeld */,
			);
			path = Resources;
			sourceTree = "<group>";
		};
		13F2E9132A410405008F9345 /* Main */ = {
			isa = PBXGroup;
			children = (
				13F2E9142A410428008F9345 /* MainController.swift */,
			);
			path = Main;
			sourceTree = "<group>";
		};
		53A15E4F0174D0E287236CEE /* Pods */ = {
			isa = PBXGroup;
			children = (
				4DC98DAC43DC3085A56608A2 /* Pods-TextFields.debug.xcconfig */,
				790DAAF29E3B92C62618DAB9 /* Pods-TextFields.release.xcconfig */,
				CDD42BAFF5EEA59D0D0FD636 /* Pods-TextFields-TextFieldsUITests.debug.xcconfig */,
				E78E18055A51199D6B523E74 /* Pods-TextFields-TextFieldsUITests.release.xcconfig */,
				5F089DC8E90B359257B36E92 /* Pods-TextFieldsTests.debug.xcconfig */,
				BBE6A11C16E5B8FAC3C038AD /* Pods-TextFieldsTests.release.xcconfig */,
			);
			path = Pods;
			sourceTree = "<group>";
		};
		8C8D491B32EE0F07A07E75A4 /* Frameworks */ = {
			isa = PBXGroup;
			children = (
				0F8474A6D32F27C32001588D /* Pods_TextFields.framework */,
				C6B1FEE50E8E3D2C6704476B /* Pods_TextFields_TextFieldsUITests.framework */,
				211F7DC289B90F8A0D810FD1 /* Pods_TextFieldsTests.framework */,
			);
			name = Frameworks;
			sourceTree = "<group>";
		};
/* End PBXGroup section */

/* Begin PBXNativeTarget section */
		13F2E8DA2A41030D008F9345 /* TextFields */ = {
			isa = PBXNativeTarget;
			buildConfigurationList = 13F2E9082A41030E008F9345 /* Build configuration list for PBXNativeTarget "TextFields" */;
			buildPhases = (
				7A62578016CADE1CF77B641E /* [CP] Check Pods Manifest.lock */,
				13F2E8D72A41030D008F9345 /* Sources */,
				13F2E8D82A41030D008F9345 /* Frameworks */,
				13F2E8D92A41030D008F9345 /* Resources */,
				7AAAA8B6053BD06FDBEE6B47 /* [CP] Embed Pods Frameworks */,
			);
			buildRules = (
			);
			dependencies = (
			);
			name = TextFields;
			productName = TextFields;
			productReference = 13F2E8DB2A41030D008F9345 /* TextFields.app */;
			productType = "com.apple.product-type.application";
		};
		13F2E8F32A41030E008F9345 /* TextFieldsTests */ = {
			isa = PBXNativeTarget;
			buildConfigurationList = 13F2E90B2A41030E008F9345 /* Build configuration list for PBXNativeTarget "TextFieldsTests" */;
			buildPhases = (
				2459C0112FCA47D95A69728D /* [CP] Check Pods Manifest.lock */,
				13F2E8F02A41030E008F9345 /* Sources */,
				13F2E8F12A41030E008F9345 /* Frameworks */,
				13F2E8F22A41030E008F9345 /* Resources */,
			);
			buildRules = (
			);
			dependencies = (
				13F2E8F62A41030E008F9345 /* PBXTargetDependency */,
			);
			name = TextFieldsTests;
			productName = TextFieldsTests;
			productReference = 13F2E8F42A41030E008F9345 /* TextFieldsTests.xctest */;
			productType = "com.apple.product-type.bundle.unit-test";
		};
		13F2E8FD2A41030E008F9345 /* TextFieldsUITests */ = {
			isa = PBXNativeTarget;
			buildConfigurationList = 13F2E90E2A41030E008F9345 /* Build configuration list for PBXNativeTarget "TextFieldsUITests" */;
			buildPhases = (
				23FDD2BB5113056974C33810 /* [CP] Check Pods Manifest.lock */,
				13F2E8FA2A41030E008F9345 /* Sources */,
				13F2E8FB2A41030E008F9345 /* Frameworks */,
				13F2E8FC2A41030E008F9345 /* Resources */,
				3E9DCD572BAB7E3F8A93C065 /* [CP] Embed Pods Frameworks */,
			);
			buildRules = (
			);
			dependencies = (
				13F2E9002A41030E008F9345 /* PBXTargetDependency */,
			);
			name = TextFieldsUITests;
			productName = TextFieldsUITests;
			productReference = 13F2E8FE2A41030E008F9345 /* TextFieldsUITests.xctest */;
			productType = "com.apple.product-type.bundle.ui-testing";
		};
/* End PBXNativeTarget section */

/* Begin PBXProject section */
		13F2E8D32A41030D008F9345 /* Project object */ = {
			isa = PBXProject;
			attributes = {
				BuildIndependentTargetsInParallel = 1;
				LastSwiftUpdateCheck = 1430;
				LastUpgradeCheck = 1430;
				TargetAttributes = {
					13F2E8DA2A41030D008F9345 = {
						CreatedOnToolsVersion = 14.3.1;
					};
					13F2E8F32A41030E008F9345 = {
						CreatedOnToolsVersion = 14.3.1;
						TestTargetID = 13F2E8DA2A41030D008F9345;
					};
					13F2E8FD2A41030E008F9345 = {
						CreatedOnToolsVersion = 14.3.1;
						TestTargetID = 13F2E8DA2A41030D008F9345;
					};
				};
			};
			buildConfigurationList = 13F2E8D62A41030D008F9345 /* Build configuration list for PBXProject "TextFields" */;
			compatibilityVersion = "Xcode 14.0";
			developmentRegion = en;
			hasScannedForEncodings = 0;
			knownRegions = (
				en,
				Base,
			);
			mainGroup = 13F2E8D22A41030D008F9345;
			packageReferences = (
			);
			productRefGroup = 13F2E8DC2A41030D008F9345 /* Products */;
			projectDirPath = "";
			projectRoot = "";
			targets = (
				13F2E8DA2A41030D008F9345 /* TextFields */,
				13F2E8F32A41030E008F9345 /* TextFieldsTests */,
				13F2E8FD2A41030E008F9345 /* TextFieldsUITests */,
			);
		};
/* End PBXProject section */

/* Begin PBXResourcesBuildPhase section */
		13F2E8D92A41030D008F9345 /* Resources */ = {
			isa = PBXResourcesBuildPhase;
			buildActionMask = 2147483647;
			files = (
				13F2E8EE2A41030E008F9345 /* LaunchScreen.storyboard in Resources */,
				138B27182A410CEB00BD3EEA /* Rubik-Regular.ttf in Resources */,
				138B27172A410CEB00BD3EEA /* Rubik-Medium.ttf in Resources */,
				138B27192A410CEB00BD3EEA /* Rubik-Bold.ttf in Resources */,
				13F2E8EB2A41030E008F9345 /* Assets.xcassets in Resources */,
			);
			runOnlyForDeploymentPostprocessing = 0;
		};
		13F2E8F22A41030E008F9345 /* Resources */ = {
			isa = PBXResourcesBuildPhase;
			buildActionMask = 2147483647;
			files = (
			);
			runOnlyForDeploymentPostprocessing = 0;
		};
		13F2E8FC2A41030E008F9345 /* Resources */ = {
			isa = PBXResourcesBuildPhase;
			buildActionMask = 2147483647;
			files = (
			);
			runOnlyForDeploymentPostprocessing = 0;
		};
/* End PBXResourcesBuildPhase section */

/* Begin PBXShellScriptBuildPhase section */
		23FDD2BB5113056974C33810 /* [CP] Check Pods Manifest.lock */ = {
			isa = PBXShellScriptBuildPhase;
			buildActionMask = 2147483647;
			files = (
			);
			inputFileListPaths = (
			);
			inputPaths = (
				"${PODS_PODFILE_DIR_PATH}/Podfile.lock",
				"${PODS_ROOT}/Manifest.lock",
			);
			name = "[CP] Check Pods Manifest.lock";
			outputFileListPaths = (
			);
			outputPaths = (
				"$(DERIVED_FILE_DIR)/Pods-TextFields-TextFieldsUITests-checkManifestLockResult.txt",
			);
			runOnlyForDeploymentPostprocessing = 0;
			shellPath = /bin/sh;
			shellScript = "diff \"${PODS_PODFILE_DIR_PATH}/Podfile.lock\" \"${PODS_ROOT}/Manifest.lock\" > /dev/null\nif [ $? != 0 ] ; then\n    # print error to STDERR\n    echo \"error: The sandbox is not in sync with the Podfile.lock. Run 'pod install' or update your CocoaPods installation.\" >&2\n    exit 1\nfi\n# This output is used by Xcode 'outputs' to avoid re-running this script phase.\necho \"SUCCESS\" > \"${SCRIPT_OUTPUT_FILE_0}\"\n";
			showEnvVarsInLog = 0;
		};
		2459C0112FCA47D95A69728D /* [CP] Check Pods Manifest.lock */ = {
			isa = PBXShellScriptBuildPhase;
			buildActionMask = 2147483647;
			files = (
			);
			inputFileListPaths = (
			);
			inputPaths = (
				"${PODS_PODFILE_DIR_PATH}/Podfile.lock",
				"${PODS_ROOT}/Manifest.lock",
			);
			name = "[CP] Check Pods Manifest.lock";
			outputFileListPaths = (
			);
			outputPaths = (
				"$(DERIVED_FILE_DIR)/Pods-TextFieldsTests-checkManifestLockResult.txt",
			);
			runOnlyForDeploymentPostprocessing = 0;
			shellPath = /bin/sh;
			shellScript = "diff \"${PODS_PODFILE_DIR_PATH}/Podfile.lock\" \"${PODS_ROOT}/Manifest.lock\" > /dev/null\nif [ $? != 0 ] ; then\n    # print error to STDERR\n    echo \"error: The sandbox is not in sync with the Podfile.lock. Run 'pod install' or update your CocoaPods installation.\" >&2\n    exit 1\nfi\n# This output is used by Xcode 'outputs' to avoid re-running this script phase.\necho \"SUCCESS\" > \"${SCRIPT_OUTPUT_FILE_0}\"\n";
			showEnvVarsInLog = 0;
		};
		3E9DCD572BAB7E3F8A93C065 /* [CP] Embed Pods Frameworks */ = {
			isa = PBXShellScriptBuildPhase;
			buildActionMask = 2147483647;
			files = (
			);
			inputFileListPaths = (
				"${PODS_ROOT}/Target Support Files/Pods-TextFields-TextFieldsUITests/Pods-TextFields-TextFieldsUITests-frameworks-${CONFIGURATION}-input-files.xcfilelist",
			);
			name = "[CP] Embed Pods Frameworks";
			outputFileListPaths = (
				"${PODS_ROOT}/Target Support Files/Pods-TextFields-TextFieldsUITests/Pods-TextFields-TextFieldsUITests-frameworks-${CONFIGURATION}-output-files.xcfilelist",
			);
			runOnlyForDeploymentPostprocessing = 0;
			shellPath = /bin/sh;
			shellScript = "\"${PODS_ROOT}/Target Support Files/Pods-TextFields-TextFieldsUITests/Pods-TextFields-TextFieldsUITests-frameworks.sh\"\n";
			showEnvVarsInLog = 0;
		};
		7A62578016CADE1CF77B641E /* [CP] Check Pods Manifest.lock */ = {
			isa = PBXShellScriptBuildPhase;
			buildActionMask = 2147483647;
			files = (
			);
			inputFileListPaths = (
			);
			inputPaths = (
				"${PODS_PODFILE_DIR_PATH}/Podfile.lock",
				"${PODS_ROOT}/Manifest.lock",
			);
			name = "[CP] Check Pods Manifest.lock";
			outputFileListPaths = (
			);
			outputPaths = (
				"$(DERIVED_FILE_DIR)/Pods-TextFields-checkManifestLockResult.txt",
			);
			runOnlyForDeploymentPostprocessing = 0;
			shellPath = /bin/sh;
			shellScript = "diff \"${PODS_PODFILE_DIR_PATH}/Podfile.lock\" \"${PODS_ROOT}/Manifest.lock\" > /dev/null\nif [ $? != 0 ] ; then\n    # print error to STDERR\n    echo \"error: The sandbox is not in sync with the Podfile.lock. Run 'pod install' or update your CocoaPods installation.\" >&2\n    exit 1\nfi\n# This output is used by Xcode 'outputs' to avoid re-running this script phase.\necho \"SUCCESS\" > \"${SCRIPT_OUTPUT_FILE_0}\"\n";
			showEnvVarsInLog = 0;
		};
		7AAAA8B6053BD06FDBEE6B47 /* [CP] Embed Pods Frameworks */ = {
			isa = PBXShellScriptBuildPhase;
			buildActionMask = 2147483647;
			files = (
			);
			inputFileListPaths = (
				"${PODS_ROOT}/Target Support Files/Pods-TextFields/Pods-TextFields-frameworks-${CONFIGURATION}-input-files.xcfilelist",
			);
			name = "[CP] Embed Pods Frameworks";
			outputFileListPaths = (
				"${PODS_ROOT}/Target Support Files/Pods-TextFields/Pods-TextFields-frameworks-${CONFIGURATION}-output-files.xcfilelist",
			);
			runOnlyForDeploymentPostprocessing = 0;
			shellPath = /bin/sh;
			shellScript = "\"${PODS_ROOT}/Target Support Files/Pods-TextFields/Pods-TextFields-frameworks.sh\"\n";
			showEnvVarsInLog = 0;
		};
/* End PBXShellScriptBuildPhase section */

/* Begin PBXSourcesBuildPhase section */
		13F2E8D72A41030D008F9345 /* Sources */ = {
			isa = PBXSourcesBuildPhase;
			buildActionMask = 2147483647;
			files = (
				13BFF0122A48F4FD00037487 /* PasswordValidator.swift in Sources */,
				13F2E9152A410428008F9345 /* MainController.swift in Sources */,
				138B271C2A410DF900BD3EEA /* UIFont+CustomFonts.swift in Sources */,
				13F2E8DF2A41030D008F9345 /* AppDelegate.swift in Sources */,
				13F2E8E12A41030D008F9345 /* SceneDelegate.swift in Sources */,
				13F2E8E92A41030D008F9345 /* TextFields.xcdatamodeld in Sources */,
				138B271F2A410FCC00BD3EEA /* Constants.swift in Sources */,
			);
			runOnlyForDeploymentPostprocessing = 0;
		};
		13F2E8F02A41030E008F9345 /* Sources */ = {
			isa = PBXSourcesBuildPhase;
			buildActionMask = 2147483647;
			files = (
				13F2E8F92A41030E008F9345 /* TextFieldsTests.swift in Sources */,
			);
			runOnlyForDeploymentPostprocessing = 0;
		};
		13F2E8FA2A41030E008F9345 /* Sources */ = {
			isa = PBXSourcesBuildPhase;
			buildActionMask = 2147483647;
			files = (
				13F2E9052A41030E008F9345 /* TextFieldsUITestsLaunchTests.swift in Sources */,
				13F2E9032A41030E008F9345 /* TextFieldsUITests.swift in Sources */,
			);
			runOnlyForDeploymentPostprocessing = 0;
		};
/* End PBXSourcesBuildPhase section */

/* Begin PBXTargetDependency section */
		13F2E8F62A41030E008F9345 /* PBXTargetDependency */ = {
			isa = PBXTargetDependency;
			target = 13F2E8DA2A41030D008F9345 /* TextFields */;
			targetProxy = 13F2E8F52A41030E008F9345 /* PBXContainerItemProxy */;
		};
		13F2E9002A41030E008F9345 /* PBXTargetDependency */ = {
			isa = PBXTargetDependency;
			target = 13F2E8DA2A41030D008F9345 /* TextFields */;
			targetProxy = 13F2E8FF2A41030E008F9345 /* PBXContainerItemProxy */;
		};
/* End PBXTargetDependency section */

/* Begin PBXVariantGroup section */
		13F2E8EC2A41030E008F9345 /* LaunchScreen.storyboard */ = {
			isa = PBXVariantGroup;
			children = (
				13F2E8ED2A41030E008F9345 /* Base */,
			);
			name = LaunchScreen.storyboard;
			sourceTree = "<group>";
		};
/* End PBXVariantGroup section */

/* Begin XCBuildConfiguration section */
		13F2E9062A41030E008F9345 /* Debug */ = {
			isa = XCBuildConfiguration;
			buildSettings = {
				ALWAYS_SEARCH_USER_PATHS = NO;
				CLANG_ANALYZER_NONNULL = YES;
				CLANG_ANALYZER_NUMBER_OBJECT_CONVERSION = YES_AGGRESSIVE;
				CLANG_CXX_LANGUAGE_STANDARD = "gnu++20";
				CLANG_ENABLE_MODULES = YES;
				CLANG_ENABLE_OBJC_ARC = YES;
				CLANG_ENABLE_OBJC_WEAK = YES;
				CLANG_WARN_BLOCK_CAPTURE_AUTORELEASING = YES;
				CLANG_WARN_BOOL_CONVERSION = YES;
				CLANG_WARN_COMMA = YES;
				CLANG_WARN_CONSTANT_CONVERSION = YES;
				CLANG_WARN_DEPRECATED_OBJC_IMPLEMENTATIONS = YES;
				CLANG_WARN_DIRECT_OBJC_ISA_USAGE = YES_ERROR;
				CLANG_WARN_DOCUMENTATION_COMMENTS = YES;
				CLANG_WARN_EMPTY_BODY = YES;
				CLANG_WARN_ENUM_CONVERSION = YES;
				CLANG_WARN_INFINITE_RECURSION = YES;
				CLANG_WARN_INT_CONVERSION = YES;
				CLANG_WARN_NON_LITERAL_NULL_CONVERSION = YES;
				CLANG_WARN_OBJC_IMPLICIT_RETAIN_SELF = YES;
				CLANG_WARN_OBJC_LITERAL_CONVERSION = YES;
				CLANG_WARN_OBJC_ROOT_CLASS = YES_ERROR;
				CLANG_WARN_QUOTED_INCLUDE_IN_FRAMEWORK_HEADER = YES;
				CLANG_WARN_RANGE_LOOP_ANALYSIS = YES;
				CLANG_WARN_STRICT_PROTOTYPES = YES;
				CLANG_WARN_SUSPICIOUS_MOVE = YES;
				CLANG_WARN_UNGUARDED_AVAILABILITY = YES_AGGRESSIVE;
				CLANG_WARN_UNREACHABLE_CODE = YES;
				CLANG_WARN__DUPLICATE_METHOD_MATCH = YES;
				COPY_PHASE_STRIP = NO;
				DEBUG_INFORMATION_FORMAT = dwarf;
				ENABLE_STRICT_OBJC_MSGSEND = YES;
				ENABLE_TESTABILITY = YES;
				GCC_C_LANGUAGE_STANDARD = gnu11;
				GCC_DYNAMIC_NO_PIC = NO;
				GCC_NO_COMMON_BLOCKS = YES;
				GCC_OPTIMIZATION_LEVEL = 0;
				GCC_PREPROCESSOR_DEFINITIONS = (
					"DEBUG=1",
					"$(inherited)",
				);
				GCC_WARN_64_TO_32_BIT_CONVERSION = YES;
				GCC_WARN_ABOUT_RETURN_TYPE = YES_ERROR;
				GCC_WARN_UNDECLARED_SELECTOR = YES;
				GCC_WARN_UNINITIALIZED_AUTOS = YES_AGGRESSIVE;
				GCC_WARN_UNUSED_FUNCTION = YES;
				GCC_WARN_UNUSED_VARIABLE = YES;
				IPHONEOS_DEPLOYMENT_TARGET = 16.4;
				MTL_ENABLE_DEBUG_INFO = INCLUDE_SOURCE;
				MTL_FAST_MATH = YES;
				ONLY_ACTIVE_ARCH = YES;
				SDKROOT = iphoneos;
				SWIFT_ACTIVE_COMPILATION_CONDITIONS = DEBUG;
				SWIFT_OPTIMIZATION_LEVEL = "-Onone";
				SWIFT_VERSION = "";
			};
			name = Debug;
		};
		13F2E9072A41030E008F9345 /* Release */ = {
			isa = XCBuildConfiguration;
			buildSettings = {
				ALWAYS_SEARCH_USER_PATHS = NO;
				CLANG_ANALYZER_NONNULL = YES;
				CLANG_ANALYZER_NUMBER_OBJECT_CONVERSION = YES_AGGRESSIVE;
				CLANG_CXX_LANGUAGE_STANDARD = "gnu++20";
				CLANG_ENABLE_MODULES = YES;
				CLANG_ENABLE_OBJC_ARC = YES;
				CLANG_ENABLE_OBJC_WEAK = YES;
				CLANG_WARN_BLOCK_CAPTURE_AUTORELEASING = YES;
				CLANG_WARN_BOOL_CONVERSION = YES;
				CLANG_WARN_COMMA = YES;
				CLANG_WARN_CONSTANT_CONVERSION = YES;
				CLANG_WARN_DEPRECATED_OBJC_IMPLEMENTATIONS = YES;
				CLANG_WARN_DIRECT_OBJC_ISA_USAGE = YES_ERROR;
				CLANG_WARN_DOCUMENTATION_COMMENTS = YES;
				CLANG_WARN_EMPTY_BODY = YES;
				CLANG_WARN_ENUM_CONVERSION = YES;
				CLANG_WARN_INFINITE_RECURSION = YES;
				CLANG_WARN_INT_CONVERSION = YES;
				CLANG_WARN_NON_LITERAL_NULL_CONVERSION = YES;
				CLANG_WARN_OBJC_IMPLICIT_RETAIN_SELF = YES;
				CLANG_WARN_OBJC_LITERAL_CONVERSION = YES;
				CLANG_WARN_OBJC_ROOT_CLASS = YES_ERROR;
				CLANG_WARN_QUOTED_INCLUDE_IN_FRAMEWORK_HEADER = YES;
				CLANG_WARN_RANGE_LOOP_ANALYSIS = YES;
				CLANG_WARN_STRICT_PROTOTYPES = YES;
				CLANG_WARN_SUSPICIOUS_MOVE = YES;
				CLANG_WARN_UNGUARDED_AVAILABILITY = YES_AGGRESSIVE;
				CLANG_WARN_UNREACHABLE_CODE = YES;
				CLANG_WARN__DUPLICATE_METHOD_MATCH = YES;
				COPY_PHASE_STRIP = NO;
				DEBUG_INFORMATION_FORMAT = "dwarf-with-dsym";
				ENABLE_NS_ASSERTIONS = NO;
				ENABLE_STRICT_OBJC_MSGSEND = YES;
				GCC_C_LANGUAGE_STANDARD = gnu11;
				GCC_NO_COMMON_BLOCKS = YES;
				GCC_WARN_64_TO_32_BIT_CONVERSION = YES;
				GCC_WARN_ABOUT_RETURN_TYPE = YES_ERROR;
				GCC_WARN_UNDECLARED_SELECTOR = YES;
				GCC_WARN_UNINITIALIZED_AUTOS = YES_AGGRESSIVE;
				GCC_WARN_UNUSED_FUNCTION = YES;
				GCC_WARN_UNUSED_VARIABLE = YES;
				IPHONEOS_DEPLOYMENT_TARGET = 16.4;
				MTL_ENABLE_DEBUG_INFO = NO;
				MTL_FAST_MATH = YES;
				SDKROOT = iphoneos;
				SWIFT_COMPILATION_MODE = wholemodule;
				SWIFT_OPTIMIZATION_LEVEL = "-O";
				SWIFT_VERSION = "";
				VALIDATE_PRODUCT = YES;
			};
			name = Release;
		};
		13F2E9092A41030E008F9345 /* Debug */ = {
			isa = XCBuildConfiguration;
			baseConfigurationReference = 4DC98DAC43DC3085A56608A2 /* Pods-TextFields.debug.xcconfig */;
			buildSettings = {
				ASSETCATALOG_COMPILER_APPICON_NAME = AppIcon;
				ASSETCATALOG_COMPILER_GLOBAL_ACCENT_COLOR_NAME = AccentColor;
				CODE_SIGN_STYLE = Automatic;
				CURRENT_PROJECT_VERSION = 1;
				GENERATE_INFOPLIST_FILE = YES;
				INFOPLIST_FILE = TextFields/Resources/Info.plist;
				INFOPLIST_KEY_UIApplicationSupportsIndirectInputEvents = YES;
				INFOPLIST_KEY_UILaunchStoryboardName = LaunchScreen;
				INFOPLIST_KEY_UIMainStoryboardFile = "";
				INFOPLIST_KEY_UISupportedInterfaceOrientations_iPad = "UIInterfaceOrientationPortrait UIInterfaceOrientationPortraitUpsideDown UIInterfaceOrientationLandscapeLeft UIInterfaceOrientationLandscapeRight";
				INFOPLIST_KEY_UISupportedInterfaceOrientations_iPhone = "UIInterfaceOrientationPortrait UIInterfaceOrientationLandscapeLeft UIInterfaceOrientationLandscapeRight";
				LD_RUNPATH_SEARCH_PATHS = (
					"$(inherited)",
					"@executable_path/Frameworks",
				);
				MARKETING_VERSION = 1.0;
				PRODUCT_BUNDLE_IDENTIFIER = code.TextFields;
				PRODUCT_NAME = "$(TARGET_NAME)";
				SUPPORTED_PLATFORMS = "iphoneos iphonesimulator";
				SUPPORTS_MACCATALYST = NO;
				SUPPORTS_MAC_DESIGNED_FOR_IPHONE_IPAD = NO;
				SWIFT_EMIT_LOC_STRINGS = YES;
				SWIFT_VERSION = 5.0;
				TARGETED_DEVICE_FAMILY = 1;
			};
			name = Debug;
		};
		13F2E90A2A41030E008F9345 /* Release */ = {
			isa = XCBuildConfiguration;
			baseConfigurationReference = 790DAAF29E3B92C62618DAB9 /* Pods-TextFields.release.xcconfig */;
			buildSettings = {
				ASSETCATALOG_COMPILER_APPICON_NAME = AppIcon;
				ASSETCATALOG_COMPILER_GLOBAL_ACCENT_COLOR_NAME = AccentColor;
				CODE_SIGN_STYLE = Automatic;
				CURRENT_PROJECT_VERSION = 1;
				GENERATE_INFOPLIST_FILE = YES;
				INFOPLIST_FILE = TextFields/Resources/Info.plist;
				INFOPLIST_KEY_UIApplicationSupportsIndirectInputEvents = YES;
				INFOPLIST_KEY_UILaunchStoryboardName = LaunchScreen;
				INFOPLIST_KEY_UIMainStoryboardFile = "";
				INFOPLIST_KEY_UISupportedInterfaceOrientations_iPad = "UIInterfaceOrientationPortrait UIInterfaceOrientationPortraitUpsideDown UIInterfaceOrientationLandscapeLeft UIInterfaceOrientationLandscapeRight";
				INFOPLIST_KEY_UISupportedInterfaceOrientations_iPhone = "UIInterfaceOrientationPortrait UIInterfaceOrientationLandscapeLeft UIInterfaceOrientationLandscapeRight";
				LD_RUNPATH_SEARCH_PATHS = (
					"$(inherited)",
					"@executable_path/Frameworks",
				);
				MARKETING_VERSION = 1.0;
				PRODUCT_BUNDLE_IDENTIFIER = code.TextFields;
				PRODUCT_NAME = "$(TARGET_NAME)";
				SUPPORTED_PLATFORMS = "iphoneos iphonesimulator";
				SUPPORTS_MACCATALYST = NO;
				SUPPORTS_MAC_DESIGNED_FOR_IPHONE_IPAD = NO;
				SWIFT_EMIT_LOC_STRINGS = YES;
				SWIFT_VERSION = 5.0;
				TARGETED_DEVICE_FAMILY = 1;
			};
			name = Release;
		};
		13F2E90C2A41030E008F9345 /* Debug */ = {
			isa = XCBuildConfiguration;
			baseConfigurationReference = 5F089DC8E90B359257B36E92 /* Pods-TextFieldsTests.debug.xcconfig */;
			buildSettings = {
				ALWAYS_EMBED_SWIFT_STANDARD_LIBRARIES = YES;
				BUNDLE_LOADER = "$(TEST_HOST)";
				CODE_SIGN_STYLE = Automatic;
				CURRENT_PROJECT_VERSION = 1;
				GENERATE_INFOPLIST_FILE = YES;
				IPHONEOS_DEPLOYMENT_TARGET = 16.4;
				MARKETING_VERSION = 1.0;
				PRODUCT_BUNDLE_IDENTIFIER = code.TextFieldsTests;
				PRODUCT_NAME = "$(TARGET_NAME)";
				SWIFT_EMIT_LOC_STRINGS = NO;
				SWIFT_VERSION = 5.0;
				TARGETED_DEVICE_FAMILY = "1,2";
				TEST_HOST = "$(BUILT_PRODUCTS_DIR)/TextFields.app/$(BUNDLE_EXECUTABLE_FOLDER_PATH)/TextFields";
			};
			name = Debug;
		};
		13F2E90D2A41030E008F9345 /* Release */ = {
			isa = XCBuildConfiguration;
			baseConfigurationReference = BBE6A11C16E5B8FAC3C038AD /* Pods-TextFieldsTests.release.xcconfig */;
			buildSettings = {
				ALWAYS_EMBED_SWIFT_STANDARD_LIBRARIES = YES;
				BUNDLE_LOADER = "$(TEST_HOST)";
				CODE_SIGN_STYLE = Automatic;
				CURRENT_PROJECT_VERSION = 1;
				GENERATE_INFOPLIST_FILE = YES;
				IPHONEOS_DEPLOYMENT_TARGET = 16.4;
				MARKETING_VERSION = 1.0;
				PRODUCT_BUNDLE_IDENTIFIER = code.TextFieldsTests;
				PRODUCT_NAME = "$(TARGET_NAME)";
				SWIFT_EMIT_LOC_STRINGS = NO;
				SWIFT_VERSION = 5.0;
				TARGETED_DEVICE_FAMILY = "1,2";
				TEST_HOST = "$(BUILT_PRODUCTS_DIR)/TextFields.app/$(BUNDLE_EXECUTABLE_FOLDER_PATH)/TextFields";
			};
			name = Release;
		};
		13F2E90F2A41030E008F9345 /* Debug */ = {
			isa = XCBuildConfiguration;
			baseConfigurationReference = CDD42BAFF5EEA59D0D0FD636 /* Pods-TextFields-TextFieldsUITests.debug.xcconfig */;
			buildSettings = {
				ALWAYS_EMBED_SWIFT_STANDARD_LIBRARIES = YES;
				CODE_SIGN_STYLE = Automatic;
				CURRENT_PROJECT_VERSION = 1;
				GENERATE_INFOPLIST_FILE = YES;
				MARKETING_VERSION = 1.0;
				PRODUCT_BUNDLE_IDENTIFIER = code.TextFieldsUITests;
				PRODUCT_NAME = "$(TARGET_NAME)";
				SWIFT_EMIT_LOC_STRINGS = NO;
				SWIFT_VERSION = 5.0;
				TARGETED_DEVICE_FAMILY = "1,2";
				TEST_TARGET_NAME = TextFields;
			};
			name = Debug;
		};
		13F2E9102A41030E008F9345 /* Release */ = {
			isa = XCBuildConfiguration;
			baseConfigurationReference = E78E18055A51199D6B523E74 /* Pods-TextFields-TextFieldsUITests.release.xcconfig */;
			buildSettings = {
				ALWAYS_EMBED_SWIFT_STANDARD_LIBRARIES = YES;
				CODE_SIGN_STYLE = Automatic;
				CURRENT_PROJECT_VERSION = 1;
				GENERATE_INFOPLIST_FILE = YES;
				MARKETING_VERSION = 1.0;
				PRODUCT_BUNDLE_IDENTIFIER = code.TextFieldsUITests;
				PRODUCT_NAME = "$(TARGET_NAME)";
				SWIFT_EMIT_LOC_STRINGS = NO;
				SWIFT_VERSION = 5.0;
				TARGETED_DEVICE_FAMILY = "1,2";
				TEST_TARGET_NAME = TextFields;
			};
			name = Release;
		};
/* End XCBuildConfiguration section */

/* Begin XCConfigurationList section */
		13F2E8D62A41030D008F9345 /* Build configuration list for PBXProject "TextFields" */ = {
			isa = XCConfigurationList;
			buildConfigurations = (
				13F2E9062A41030E008F9345 /* Debug */,
				13F2E9072A41030E008F9345 /* Release */,
			);
			defaultConfigurationIsVisible = 0;
			defaultConfigurationName = Release;
		};
		13F2E9082A41030E008F9345 /* Build configuration list for PBXNativeTarget "TextFields" */ = {
			isa = XCConfigurationList;
			buildConfigurations = (
				13F2E9092A41030E008F9345 /* Debug */,
				13F2E90A2A41030E008F9345 /* Release */,
			);
			defaultConfigurationIsVisible = 0;
			defaultConfigurationName = Release;
		};
		13F2E90B2A41030E008F9345 /* Build configuration list for PBXNativeTarget "TextFieldsTests" */ = {
			isa = XCConfigurationList;
			buildConfigurations = (
				13F2E90C2A41030E008F9345 /* Debug */,
				13F2E90D2A41030E008F9345 /* Release */,
			);
			defaultConfigurationIsVisible = 0;
			defaultConfigurationName = Release;
		};
		13F2E90E2A41030E008F9345 /* Build configuration list for PBXNativeTarget "TextFieldsUITests" */ = {
			isa = XCConfigurationList;
			buildConfigurations = (
				13F2E90F2A41030E008F9345 /* Debug */,
				13F2E9102A41030E008F9345 /* Release */,
			);
			defaultConfigurationIsVisible = 0;
			defaultConfigurationName = Release;
		};
/* End XCConfigurationList section */

/* Begin XCVersionGroup section */
		13F2E8E72A41030D008F9345 /* TextFields.xcdatamodeld */ = {
			isa = XCVersionGroup;
			children = (
				13F2E8E82A41030D008F9345 /* TextFields.xcdatamodel */,
			);
			currentVersion = 13F2E8E82A41030D008F9345 /* TextFields.xcdatamodel */;
			path = TextFields.xcdatamodeld;
			sourceTree = "<group>";
			versionGroupType = wrapper.xcdatamodel;
		};
/* End XCVersionGroup section */
	};
	rootObject = 13F2E8D32A41030D008F9345 /* Project object */;
}
